
Microsoft Visual Studio Solution File, Format Version 12.00
# Visual Studio Version 17
VisualStudioVersion = 17.7.34031.279
MinimumVisualStudioVersion = 10.0.40219.1
Project("{FAE04EC0-301F-11D3-BF4B-00C04F79EFBC}") = "Ticari_Otomasyon", "Ticari_Otomasyon\Ticari_Otomasyon.csproj", "{9AACCDD4-414F-4DB0-98EF-18E885054548}"
EndProject
Global
	GlobalSection(SolutionConfigurationPlatforms) = preSolution
		Debug|Any CPU = Debug|Any CPU
		Release|Any CPU = Release|Any CPU
	EndGlobalSection
	GlobalSection(ProjectConfigurationPlatforms) = postSolution
		{9AACCDD4-414F-4DB0-98EF-18E885054548}.Debug|Any CPU.ActiveCfg = Debug|Any CPU
		{9AACCDD4-414F-4DB0-98EF-18E885054548}.Debug|Any CPU.Build.0 = Debug|Any CPU
		{9AACCDD4-414F-4DB0-98EF-18E885054548}.Release|Any CPU.ActiveCfg = Release|Any CPU
		{9AACCDD4-414F-4DB0-98EF-18E885054548}.Release|Any CPU.Build.0 = Release|Any CPU
	EndGlobalSection
	GlobalSection(SolutionProperties) = preSolution
		HideSolutionNode = FALSE
	EndGlobalSection
	GlobalSection(ExtensibilityGlobals) = postSolution
		SolutionGuid = {BA237295-C673-47BA-BBF3-C8FC6520E6BD}
	EndGlobalSection
EndGlobal
